
Microsoft Visual Studio Solution File, Format Version 12.00
# Visual Studio Version 17
VisualStudioVersion = 17.8.34330.188
MinimumVisualStudioVersion = 10.0.40219.1
Project("{FAE04EC0-301F-11D3-BF4B-00C04F79EFBC}") = "C#11", "C#11.csproj", "{621C9E4E-0B31-4860-A9A8-11EB3E6A981E}"
EndProject
Global
	GlobalSection(SolutionConfigurationPlatforms) = preSolution
		Debug|Any CPU = Debug|Any CPU
		Release|Any CPU = Release|Any CPU
	EndGlobalSection
	GlobalSection(ProjectConfigurationPlatforms) = postSolution
		{621C9E4E-0B31-4860-A9A8-11EB3E6A981E}.Debug|Any CPU.ActiveCfg = Debug|Any CPU
		{621C9E4E-0B31-4860-A9A8-11EB3E6A981E}.Debug|Any CPU.Build.0 = Debug|Any CPU
		{621C9E4E-0B31-4860-A9A8-11EB3E6A981E}.Release|Any CPU.ActiveCfg = Release|Any CPU
		{621C9E4E-0B31-4860-A9A8-11EB3E6A981E}.Release|Any CPU.Build.0 = Release|Any CPU
	EndGlobalSection
	GlobalSection(SolutionProperties) = preSolution
		HideSolutionNode = FALSE
	EndGlobalSection
	GlobalSection(ExtensibilityGlobals) = postSolution
		SolutionGuid = {F6C76FBF-2ABE-4FB9-8474-F0DF9AFDE2F0}
	EndGlobalSection
EndGlobal
